
Microsoft Visual Studio Solution File, Format Version 12.00
# Visual Studio 15
VisualStudioVersion = 15.0.27004.2009
MinimumVisualStudioVersion = 10.0.40219.1
Project("{9A19103F-16F7-4668-BE54-9A1E7A4F7556}") = "aspnetcoreapp", "aspnetcoreapp.csproj", "{4958BFFA-1FBA-408B-B0FA-69B6C99710F0}"
EndProject
Global
	GlobalSection(SolutionConfigurationPlatforms) = preSolution
		Debug|Any CPU = Debug|Any CPU
		Release|Any CPU = Release|Any CPU
	EndGlobalSection
	GlobalSection(ProjectConfigurationPlatforms) = postSolution
		{4958BFFA-1FBA-408B-B0FA-69B6C99710F0}.Debug|Any CPU.ActiveCfg = Debug|Any CPU
		{4958BFFA-1FBA-408B-B0FA-69B6C99710F0}.Debug|Any CPU.Build.0 = Debug|Any CPU
		{4958BFFA-1FBA-408B-B0FA-69B6C99710F0}.Release|Any CPU.ActiveCfg = Release|Any CPU
		{4958BFFA-1FBA-408B-B0FA-69B6C99710F0}.Release|Any CPU.Build.0 = Release|Any CPU
	EndGlobalSection
	GlobalSection(SolutionProperties) = preSolution
		HideSolutionNode = FALSE
	EndGlobalSection
	GlobalSection(ExtensibilityGlobals) = postSolution
		SolutionGuid = {22248B68-1A79-4D4D-80BC-CFE19F1F22D8}
	EndGlobalSection
EndGlobal
